
Microsoft Visual Studio Solution File, Format Version 12.00
# Visual Studio Version 16
VisualStudioVersion = 16.0.30709.132
MinimumVisualStudioVersion = 10.0.40219.1
Project("{9A19103F-16F7-4668-BE54-9A1E7A4F7556}") = "ExchangeRates.Core", "ExchangeRates.Core\ExchangeRates.Core.csproj", "{97846902-875B-4E0C-B473-57DF06D9102D}"
EndProject
Project("{2150E333-8FDC-42A3-9474-1A3956D46DE8}") = "Libraries", "Libraries", "{70BE22A7-96BB-4485-B6EF-A917AB5843B7}"
EndProject
Project("{2150E333-8FDC-42A3-9474-1A3956D46DE8}") = "Providers", "Providers", "{5EEDACD4-AEA1-4859-B1AA-1AE295A545B8}"
EndProject
Project("{9A19103F-16F7-4668-BE54-9A1E7A4F7556}") = "ExchangeRates.TcmbProvider", "ExchangeRates.TcmbProvider\ExchangeRates.TcmbProvider.csproj", "{9C6AA974-38D5-4E22-880E-E32A4745AD34}"
EndProject
Project("{2150E333-8FDC-42A3-9474-1A3956D46DE8}") = "Tests", "Tests", "{C9A1DF93-9677-4456-A4AE-3FC66B747C28}"
EndProject
Project("{FAE04EC0-301F-11D3-BF4B-00C04F79EFBC}") = "ExchangeRates.TcmbProviderTests", "ExchangeRates.TcmbProviderTests\ExchangeRates.TcmbProviderTests.csproj", "{66591D03-488E-4E87-9CA7-71A0BB5D302F}"
EndProject
Project("{FAE04EC0-301F-11D3-BF4B-00C04F79EFBC}") = "ExchangeRates.CoreTests", "ExchangeRates.CoreTests\ExchangeRates.CoreTests.csproj", "{26501579-03E8-49D9-8CC8-BA4B48163F46}"
EndProject
Global
	GlobalSection(SolutionConfigurationPlatforms) = preSolution
		Debug|Any CPU = Debug|Any CPU
		Release|Any CPU = Release|Any CPU
	EndGlobalSection
	GlobalSection(ProjectConfigurationPlatforms) = postSolution
		{97846902-875B-4E0C-B473-57DF06D9102D}.Debug|Any CPU.ActiveCfg = Debug|Any CPU
		{97846902-875B-4E0C-B473-57DF06D9102D}.Debug|Any CPU.Build.0 = Debug|Any CPU
		{97846902-875B-4E0C-B473-57DF06D9102D}.Release|Any CPU.ActiveCfg = Release|Any CPU
		{97846902-875B-4E0C-B473-57DF06D9102D}.Release|Any CPU.Build.0 = Release|Any CPU
		{9C6AA974-38D5-4E22-880E-E32A4745AD34}.Debug|Any CPU.ActiveCfg = Debug|Any CPU
		{9C6AA974-38D5-4E22-880E-E32A4745AD34}.Debug|Any CPU.Build.0 = Debug|Any CPU
		{9C6AA974-38D5-4E22-880E-E32A4745AD34}.Release|Any CPU.ActiveCfg = Release|Any CPU
		{9C6AA974-38D5-4E22-880E-E32A4745AD34}.Release|Any CPU.Build.0 = Release|Any CPU
		{66591D03-488E-4E87-9CA7-71A0BB5D302F}.Debug|Any CPU.ActiveCfg = Debug|Any CPU
		{66591D03-488E-4E87-9CA7-71A0BB5D302F}.Debug|Any CPU.Build.0 = Debug|Any CPU
		{66591D03-488E-4E87-9CA7-71A0BB5D302F}.Release|Any CPU.ActiveCfg = Release|Any CPU
		{66591D03-488E-4E87-9CA7-71A0BB5D302F}.Release|Any CPU.Build.0 = Release|Any CPU
		{26501579-03E8-49D9-8CC8-BA4B48163F46}.Debug|Any CPU.ActiveCfg = Debug|Any CPU
		{26501579-03E8-49D9-8CC8-BA4B48163F46}.Debug|Any CPU.Build.0 = Debug|Any CPU
		{26501579-03E8-49D9-8CC8-BA4B48163F46}.Release|Any CPU.ActiveCfg = Release|Any CPU
		{26501579-03E8-49D9-8CC8-BA4B48163F46}.Release|Any CPU.Build.0 = Release|Any CPU
	EndGlobalSection
	GlobalSection(SolutionProperties) = preSolution
		HideSolutionNode = FALSE
	EndGlobalSection
	GlobalSection(NestedProjects) = preSolution
		{97846902-875B-4E0C-B473-57DF06D9102D} = {70BE22A7-96BB-4485-B6EF-A917AB5843B7}
		{9C6AA974-38D5-4E22-880E-E32A4745AD34} = {5EEDACD4-AEA1-4859-B1AA-1AE295A545B8}
		{66591D03-488E-4E87-9CA7-71A0BB5D302F} = {C9A1DF93-9677-4456-A4AE-3FC66B747C28}
		{26501579-03E8-49D9-8CC8-BA4B48163F46} = {C9A1DF93-9677-4456-A4AE-3FC66B747C28}
	EndGlobalSection
	GlobalSection(ExtensibilityGlobals) = postSolution
		SolutionGuid = {7048F966-609E-46A3-970A-97DE721756CE}
	EndGlobalSection
EndGlobal
